
Microsoft Visual Studio Solution File, Format Version 12.00
# Visual Studio Version 17
VisualStudioVersion = 17.2.32519.379
MinimumVisualStudioVersion = 10.0.40219.1
Project("{8BC9CEB8-8B4A-11D0-8D11-00A0C91BC942}") = "指针初阶", "指针初阶\指针初阶.vcxproj", "{259F4A92-81A9-4EC5-B743-43681F597082}"
EndProject
Global
	GlobalSection(SolutionConfigurationPlatforms) = preSolution
		Debug|x64 = Debug|x64
		Debug|x86 = Debug|x86
		Release|x64 = Release|x64
		Release|x86 = Release|x86
	EndGlobalSection
	GlobalSection(ProjectConfigurationPlatforms) = postSolution
		{259F4A92-81A9-4EC5-B743-43681F597082}.Debug|x64.ActiveCfg = Debug|x64
		{259F4A92-81A9-4EC5-B743-43681F597082}.Debug|x64.Build.0 = Debug|x64
		{259F4A92-81A9-4EC5-B743-43681F597082}.Debug|x86.ActiveCfg = Debug|Win32
		{259F4A92-81A9-4EC5-B743-43681F597082}.Debug|x86.Build.0 = Debug|Win32
		{259F4A92-81A9-4EC5-B743-43681F597082}.Release|x64.ActiveCfg = Release|x64
		{259F4A92-81A9-4EC5-B743-43681F597082}.Release|x64.Build.0 = Release|x64
		{259F4A92-81A9-4EC5-B743-43681F597082}.Release|x86.ActiveCfg = Release|Win32
		{259F4A92-81A9-4EC5-B743-43681F597082}.Release|x86.Build.0 = Release|Win32
	EndGlobalSection
	GlobalSection(SolutionProperties) = preSolution
		HideSolutionNode = FALSE
	EndGlobalSection
	GlobalSection(ExtensibilityGlobals) = postSolution
		SolutionGuid = {1B6DE3BE-475A-402E-93D7-9AD171E6E07F}
	EndGlobalSection
EndGlobal
